
Microsoft Visual Studio Solution File, Format Version 12.00
# Visual Studio Version 17
VisualStudioVersion = 17.3.32929.385
MinimumVisualStudioVersion = 10.0.40219.1
Project("{FAE04EC0-301F-11D3-BF4B-00C04F79EFBC}") = "ASP.NET MVC5 Stock Example", "ASP.NET MVC5 Stock Example\ASP.NET MVC5 Stock Example.csproj", "{31895E49-811A-4367-A3C2-C68E8AB392FA}"
EndProject
Global
	GlobalSection(SolutionConfigurationPlatforms) = preSolution
		Debug|Any CPU = Debug|Any CPU
		Release|Any CPU = Release|Any CPU
	EndGlobalSection
	GlobalSection(ProjectConfigurationPlatforms) = postSolution
		{31895E49-811A-4367-A3C2-C68E8AB392FA}.Debug|Any CPU.ActiveCfg = Debug|Any CPU
		{31895E49-811A-4367-A3C2-C68E8AB392FA}.Debug|Any CPU.Build.0 = Debug|Any CPU
		{31895E49-811A-4367-A3C2-C68E8AB392FA}.Release|Any CPU.ActiveCfg = Release|Any CPU
		{31895E49-811A-4367-A3C2-C68E8AB392FA}.Release|Any CPU.Build.0 = Release|Any CPU
	EndGlobalSection
	GlobalSection(SolutionProperties) = preSolution
		HideSolutionNode = FALSE
	EndGlobalSection
	GlobalSection(ExtensibilityGlobals) = postSolution
		SolutionGuid = {DC1C8205-94EC-481A-AA08-B2555C6E1C81}
	EndGlobalSection
EndGlobal
